// !$*UTF8*$!
{
	archiveVersion = 1;
	classes = {
	};
	objectVersion = 56;
	objects = {

/* Begin PBXBuildFile section */
		C514E3B628FBCC0500BBB4E6 /* sample_dairy.json in Resources */ = {isa = PBXBuildFile; fileRef = C514E3B428FBC97C00BBB4E6 /* sample_dairy.json */; };
		C514E3B928FBDCF500BBB4E6 /* DairyData.swift in Sources */ = {isa = PBXBuildFile; fileRef = C514E3B828FBDCF500BBB4E6 /* DairyData.swift */; };
		C514E3BB28FC520000BBB4E6 /* WeightViewController.swift in Sources */ = {isa = PBXBuildFile; fileRef = C514E3BA28FC520000BBB4E6 /* WeightViewController.swift */; };
		C514E3BD28FC521500BBB4E6 /* WeightViewController.storyboard in Resources */ = {isa = PBXBuildFile; fileRef = C514E3BC28FC521500BBB4E6 /* WeightViewController.storyboard */; };
		C52D13B228EDEC3700D44472 /* AppDelegate.swift in Sources */ = {isa = PBXBuildFile; fileRef = C52D13B128EDEC3700D44472 /* AppDelegate.swift */; };
		C52D13B428EDEC3700D44472 /* SceneDelegate.swift in Sources */ = {isa = PBXBuildFile; fileRef = C52D13B328EDEC3700D44472 /* SceneDelegate.swift */; };
		C52D13B628EDEC3700D44472 /* MainViewController.swift in Sources */ = {isa = PBXBuildFile; fileRef = C52D13B528EDEC3700D44472 /* MainViewController.swift */; };
		C52D13B928EDEC3700D44472 /* Main.storyboard in Resources */ = {isa = PBXBuildFile; fileRef = C52D13B728EDEC3700D44472 /* Main.storyboard */; };
		C52D13BB28EDEC3800D44472 /* Assets.xcassets in Resources */ = {isa = PBXBuildFile; fileRef = C52D13BA28EDEC3800D44472 /* Assets.xcassets */; };
		C52D13BE28EDEC3800D44472 /* LaunchScreen.storyboard in Resources */ = {isa = PBXBuildFile; fileRef = C52D13BC28EDEC3800D44472 /* LaunchScreen.storyboard */; };
		C55AA59128FF0DC500F9307C /* ConnectViewController.swift in Sources */ = {isa = PBXBuildFile; fileRef = C55AA59028FF0DC500F9307C /* ConnectViewController.swift */; };
		C55AA59328FF0DD300F9307C /* ConnectViewController.storyboard in Resources */ = {isa = PBXBuildFile; fileRef = C55AA59228FF0DD300F9307C /* ConnectViewController.storyboard */; };
		C58B620028FAC1E600DFCDDB /* Charts in Frameworks */ = {isa = PBXBuildFile; productRef = C58B61FF28FAC1E600DFCDDB /* Charts */; };
		C593B56D28F16A7C006C10AC /* SittingTimeViewController.swift in Sources */ = {isa = PBXBuildFile; fileRef = C593B56C28F16A7C006C10AC /* SittingTimeViewController.swift */; };
		C593B56F28F16A9F006C10AC /* SittingTimeViewController.storyboard in Resources */ = {isa = PBXBuildFile; fileRef = C593B56E28F16A9F006C10AC /* SittingTimeViewController.storyboard */; };
/* End PBXBuildFile section */

/* Begin PBXFileReference section */
		C514E3B428FBC97C00BBB4E6 /* sample_dairy.json */ = {isa = PBXFileReference; lastKnownFileType = text.json; path = sample_dairy.json; sourceTree = "<group>"; };
		C514E3B828FBDCF500BBB4E6 /* DairyData.swift */ = {isa = PBXFileReference; lastKnownFileType = sourcecode.swift; path = DairyData.swift; sourceTree = "<group>"; };
		C514E3BA28FC520000BBB4E6 /* WeightViewController.swift */ = {isa = PBXFileReference; lastKnownFileType = sourcecode.swift; path = WeightViewController.swift; sourceTree = "<group>"; };
		C514E3BC28FC521500BBB4E6 /* WeightViewController.storyboard */ = {isa = PBXFileReference; lastKnownFileType = file.storyboard; path = WeightViewController.storyboard; sourceTree = "<group>"; };
		C52D13AE28EDEC3700D44472 /* HealthChair.app */ = {isa = PBXFileReference; explicitFileType = wrapper.application; includeInIndex = 0; path = HealthChair.app; sourceTree = BUILT_PRODUCTS_DIR; };
		C52D13B128EDEC3700D44472 /* AppDelegate.swift */ = {isa = PBXFileReference; lastKnownFileType = sourcecode.swift; path = AppDelegate.swift; sourceTree = "<group>"; };
		C52D13B328EDEC3700D44472 /* SceneDelegate.swift */ = {isa = PBXFileReference; lastKnownFileType = sourcecode.swift; path = SceneDelegate.swift; sourceTree = "<group>"; };
		C52D13B528EDEC3700D44472 /* MainViewController.swift */ = {isa = PBXFileReference; lastKnownFileType = sourcecode.swift; path = MainViewController.swift; sourceTree = "<group>"; };
		C52D13B828EDEC3700D44472 /* Base */ = {isa = PBXFileReference; lastKnownFileType = file.storyboard; name = Base; path = Base.lproj/Main.storyboard; sourceTree = "<group>"; };
		C52D13BA28EDEC3800D44472 /* Assets.xcassets */ = {isa = PBXFileReference; lastKnownFileType = folder.assetcatalog; path = Assets.xcassets; sourceTree = "<group>"; };
		C52D13BD28EDEC3800D44472 /* Base */ = {isa = PBXFileReference; lastKnownFileType = file.storyboard; name = Base; path = Base.lproj/LaunchScreen.storyboard; sourceTree = "<group>"; };
		C52D13BF28EDEC3800D44472 /* Info.plist */ = {isa = PBXFileReference; lastKnownFileType = text.plist.xml; path = Info.plist; sourceTree = "<group>"; };
		C55AA59028FF0DC500F9307C /* ConnectViewController.swift */ = {isa = PBXFileReference; lastKnownFileType = sourcecode.swift; path = ConnectViewController.swift; sourceTree = "<group>"; };
		C55AA59228FF0DD300F9307C /* ConnectViewController.storyboard */ = {isa = PBXFileReference; lastKnownFileType = file.storyboard; path = ConnectViewController.storyboard; sourceTree = "<group>"; };
		C593B56C28F16A7C006C10AC /* SittingTimeViewController.swift */ = {isa = PBXFileReference; lastKnownFileType = sourcecode.swift; path = SittingTimeViewController.swift; sourceTree = "<group>"; };
		C593B56E28F16A9F006C10AC /* SittingTimeViewController.storyboard */ = {isa = PBXFileReference; lastKnownFileType = file.storyboard; path = SittingTimeViewController.storyboard; sourceTree = "<group>"; };
/* End PBXFileReference section */

/* Begin PBXFrameworksBuildPhase section */
		C52D13AB28EDEC3700D44472 /* Frameworks */ = {
			isa = PBXFrameworksBuildPhase;
			buildActionMask = 2147483647;
			files = (
				C58B620028FAC1E600DFCDDB /* Charts in Frameworks */,
			);
			runOnlyForDeploymentPostprocessing = 0;
		};
/* End PBXFrameworksBuildPhase section */

/* Begin PBXGroup section */
		C514E3B528FBCBBE00BBB4E6 /* Resource */ = {
			isa = PBXGroup;
			children = (
				C514E3B428FBC97C00BBB4E6 /* sample_dairy.json */,
			);
			path = Resource;
			sourceTree = "<group>";
		};
		C514E3B728FBDCDA00BBB4E6 /* Model */ = {
			isa = PBXGroup;
			children = (
				C514E3B828FBDCF500BBB4E6 /* DairyData.swift */,
			);
			path = Model;
			sourceTree = "<group>";
		};
		C52D13A528EDEC3700D44472 = {
			isa = PBXGroup;
			children = (
				C52D13B028EDEC3700D44472 /* HealthChair */,
				C52D13AF28EDEC3700D44472 /* Products */,
			);
			sourceTree = "<group>";
		};
		C52D13AF28EDEC3700D44472 /* Products */ = {
			isa = PBXGroup;
			children = (
				C52D13AE28EDEC3700D44472 /* HealthChair.app */,
			);
			name = Products;
			sourceTree = "<group>";
		};
		C52D13B028EDEC3700D44472 /* HealthChair */ = {
			isa = PBXGroup;
			children = (
				C514E3B728FBDCDA00BBB4E6 /* Model */,
				C59A2E9028FB08D7009EBC43 /* ViewController */,
				C52D13B128EDEC3700D44472 /* AppDelegate.swift */,
				C52D13B328EDEC3700D44472 /* SceneDelegate.swift */,
				C52D13BA28EDEC3800D44472 /* Assets.xcassets */,
				C52D13BC28EDEC3800D44472 /* LaunchScreen.storyboard */,
				C52D13BF28EDEC3800D44472 /* Info.plist */,
				C514E3B528FBCBBE00BBB4E6 /* Resource */,
			);
			path = HealthChair;
			sourceTree = "<group>";
		};
		C59A2E9028FB08D7009EBC43 /* ViewController */ = {
			isa = PBXGroup;
			children = (
				C52D13B528EDEC3700D44472 /* MainViewController.swift */,
				C52D13B728EDEC3700D44472 /* Main.storyboard */,
				C593B56C28F16A7C006C10AC /* SittingTimeViewController.swift */,
				C593B56E28F16A9F006C10AC /* SittingTimeViewController.storyboard */,
				C514E3BA28FC520000BBB4E6 /* WeightViewController.swift */,
				C514E3BC28FC521500BBB4E6 /* WeightViewController.storyboard */,
				C55AA59028FF0DC500F9307C /* ConnectViewController.swift */,
				C55AA59228FF0DD300F9307C /* ConnectViewController.storyboard */,
			);
			path = ViewController;
			sourceTree = "<group>";
		};
/* End PBXGroup section */

/* Begin PBXNativeTarget section */
		C52D13AD28EDEC3700D44472 /* HealthChair */ = {
			isa = PBXNativeTarget;
			buildConfigurationList = C52D13C228EDEC3800D44472 /* Build configuration list for PBXNativeTarget "HealthChair" */;
			buildPhases = (
				C52D13AA28EDEC3700D44472 /* Sources */,
				C52D13AB28EDEC3700D44472 /* Frameworks */,
				C52D13AC28EDEC3700D44472 /* Resources */,
			);
			buildRules = (
			);
			dependencies = (
			);
			name = HealthChair;
			packageProductDependencies = (
				C58B61FF28FAC1E600DFCDDB /* Charts */,
			);
			productName = HealthChair;
			productReference = C52D13AE28EDEC3700D44472 /* HealthChair.app */;
			productType = "com.apple.product-type.application";
		};
/* End PBXNativeTarget section */

/* Begin PBXProject section */
		C52D13A628EDEC3700D44472 /* Project object */ = {
			isa = PBXProject;
			attributes = {
				BuildIndependentTargetsInParallel = 1;
				LastSwiftUpdateCheck = 1410;
				LastUpgradeCheck = 1410;
				TargetAttributes = {
					C52D13AD28EDEC3700D44472 = {
						CreatedOnToolsVersion = 14.1;
					};
				};
			};
			buildConfigurationList = C52D13A928EDEC3700D44472 /* Build configuration list for PBXProject "HealthChair" */;
			compatibilityVersion = "Xcode 14.0";
			developmentRegion = en;
			hasScannedForEncodings = 0;
			knownRegions = (
				en,
				Base,
			);
			mainGroup = C52D13A528EDEC3700D44472;
			packageReferences = (
				C58B61FE28FAC1E600DFCDDB /* XCRemoteSwiftPackageReference "Charts" */,
			);
			productRefGroup = C52D13AF28EDEC3700D44472 /* Products */;
			projectDirPath = "";
			projectRoot = "";
			targets = (
				C52D13AD28EDEC3700D44472 /* HealthChair */,
			);
		};
/* End PBXProject section */

/* Begin PBXResourcesBuildPhase section */
		C52D13AC28EDEC3700D44472 /* Resources */ = {
			isa = PBXResourcesBuildPhase;
			buildActionMask = 2147483647;
			files = (
				C514E3B628FBCC0500BBB4E6 /* sample_dairy.json in Resources */,
				C55AA59328FF0DD300F9307C /* ConnectViewController.storyboard in Resources */,
				C52D13BE28EDEC3800D44472 /* LaunchScreen.storyboard in Resources */,
				C52D13BB28EDEC3800D44472 /* Assets.xcassets in Resources */,
				C514E3BD28FC521500BBB4E6 /* WeightViewController.storyboard in Resources */,
				C52D13B928EDEC3700D44472 /* Main.storyboard in Resources */,
				C593B56F28F16A9F006C10AC /* SittingTimeViewController.storyboard in Resources */,
			);
			runOnlyForDeploymentPostprocessing = 0;
		};
/* End PBXResourcesBuildPhase section */

/* Begin PBXSourcesBuildPhase section */
		C52D13AA28EDEC3700D44472 /* Sources */ = {
			isa = PBXSourcesBuildPhase;
			buildActionMask = 2147483647;
			files = (
				C55AA59128FF0DC500F9307C /* ConnectViewController.swift in Sources */,
				C514E3BB28FC520000BBB4E6 /* WeightViewController.swift in Sources */,
				C52D13B628EDEC3700D44472 /* MainViewController.swift in Sources */,
				C514E3B928FBDCF500BBB4E6 /* DairyData.swift in Sources */,
				C52D13B228EDEC3700D44472 /* AppDelegate.swift in Sources */,
				C593B56D28F16A7C006C10AC /* SittingTimeViewController.swift in Sources */,
				C52D13B428EDEC3700D44472 /* SceneDelegate.swift in Sources */,
			);
			runOnlyForDeploymentPostprocessing = 0;
		};
/* End PBXSourcesBuildPhase section */

/* Begin PBXVariantGroup section */
		C52D13B728EDEC3700D44472 /* Main.storyboard */ = {
			isa = PBXVariantGroup;
			children = (
				C52D13B828EDEC3700D44472 /* Base */,
			);
			name = Main.storyboard;
			sourceTree = "<group>";
		};
		C52D13BC28EDEC3800D44472 /* LaunchScreen.storyboard */ = {
			isa = PBXVariantGroup;
			children = (
				C52D13BD28EDEC3800D44472 /* Base */,
			);
			name = LaunchScreen.storyboard;
			sourceTree = "<group>";
		};
/* End PBXVariantGroup section */

/* Begin XCBuildConfiguration section */
		C52D13C028EDEC3800D44472 /* Debug */ = {
			isa = XCBuildConfiguration;
			buildSettings = {
				ALWAYS_SEARCH_USER_PATHS = NO;
				CLANG_ANALYZER_NONNULL = YES;
				CLANG_ANALYZER_NUMBER_OBJECT_CONVERSION = YES_AGGRESSIVE;
				CLANG_CXX_LANGUAGE_STANDARD = "gnu++20";
				CLANG_ENABLE_MODULES = YES;
				CLANG_ENABLE_OBJC_ARC = YES;
				CLANG_ENABLE_OBJC_WEAK = YES;
				CLANG_WARN_BLOCK_CAPTURE_AUTORELEASING = YES;
				CLANG_WARN_BOOL_CONVERSION = YES;
				CLANG_WARN_COMMA = YES;
				CLANG_WARN_CONSTANT_CONVERSION = YES;
				CLANG_WARN_DEPRECATED_OBJC_IMPLEMENTATIONS = YES;
				CLANG_WARN_DIRECT_OBJC_ISA_USAGE = YES_ERROR;
				CLANG_WARN_DOCUMENTATION_COMMENTS = YES;
				CLANG_WARN_EMPTY_BODY = YES;
				CLANG_WARN_ENUM_CONVERSION = YES;
				CLANG_WARN_INFINITE_RECURSION = YES;
				CLANG_WARN_INT_CONVERSION = YES;
				CLANG_WARN_NON_LITERAL_NULL_CONVERSION = YES;
				CLANG_WARN_OBJC_IMPLICIT_RETAIN_SELF = YES;
				CLANG_WARN_OBJC_LITERAL_CONVERSION = YES;
				CLANG_WARN_OBJC_ROOT_CLASS = YES_ERROR;
				CLANG_WARN_QUOTED_INCLUDE_IN_FRAMEWORK_HEADER = YES;
				CLANG_WARN_RANGE_LOOP_ANALYSIS = YES;
				CLANG_WARN_STRICT_PROTOTYPES = YES;
				CLANG_WARN_SUSPICIOUS_MOVE = YES;
				CLANG_WARN_UNGUARDED_AVAILABILITY = YES_AGGRESSIVE;
				CLANG_WARN_UNREACHABLE_CODE = YES;
				CLANG_WARN__DUPLICATE_METHOD_MATCH = YES;
				COPY_PHASE_STRIP = NO;
				DEBUG_INFORMATION_FORMAT = dwarf;
				ENABLE_STRICT_OBJC_MSGSEND = YES;
				ENABLE_TESTABILITY = YES;
				GCC_C_LANGUAGE_STANDARD = gnu11;
				GCC_DYNAMIC_NO_PIC = NO;
				GCC_NO_COMMON_BLOCKS = YES;
				GCC_OPTIMIZATION_LEVEL = 0;
				GCC_PREPROCESSOR_DEFINITIONS = (
					"DEBUG=1",
					"$(inherited)",
				);
				GCC_WARN_64_TO_32_BIT_CONVERSION = YES;
				GCC_WARN_ABOUT_RETURN_TYPE = YES_ERROR;
				GCC_WARN_UNDECLARED_SELECTOR = YES;
				GCC_WARN_UNINITIALIZED_AUTOS = YES_AGGRESSIVE;
				GCC_WARN_UNUSED_FUNCTION = YES;
				GCC_WARN_UNUSED_VARIABLE = YES;
				IPHONEOS_DEPLOYMENT_TARGET = 16.1;
				MTL_ENABLE_DEBUG_INFO = INCLUDE_SOURCE;
				MTL_FAST_MATH = YES;
				ONLY_ACTIVE_ARCH = YES;
				SDKROOT = iphoneos;
				SWIFT_ACTIVE_COMPILATION_CONDITIONS = DEBUG;
				SWIFT_OPTIMIZATION_LEVEL = "-Onone";
			};
			name = Debug;
		};
		C52D13C128EDEC3800D44472 /* Release */ = {
			isa = XCBuildConfiguration;
			buildSettings = {
				ALWAYS_SEARCH_USER_PATHS = NO;
				CLANG_ANALYZER_NONNULL = YES;
				CLANG_ANALYZER_NUMBER_OBJECT_CONVERSION = YES_AGGRESSIVE;
				CLANG_CXX_LANGUAGE_STANDARD = "gnu++20";
				CLANG_ENABLE_MODULES = YES;
				CLANG_ENABLE_OBJC_ARC = YES;
				CLANG_ENABLE_OBJC_WEAK = YES;
				CLANG_WARN_BLOCK_CAPTURE_AUTORELEASING = YES;
				CLANG_WARN_BOOL_CONVERSION = YES;
				CLANG_WARN_COMMA = YES;
				CLANG_WARN_CONSTANT_CONVERSION = YES;
				CLANG_WARN_DEPRECATED_OBJC_IMPLEMENTATIONS = YES;
				CLANG_WARN_DIRECT_OBJC_ISA_USAGE = YES_ERROR;
				CLANG_WARN_DOCUMENTATION_COMMENTS = YES;
				CLANG_WARN_EMPTY_BODY = YES;
				CLANG_WARN_ENUM_CONVERSION = YES;
				CLANG_WARN_INFINITE_RECURSION = YES;
				CLANG_WARN_INT_CONVERSION = YES;
				CLANG_WARN_NON_LITERAL_NULL_CONVERSION = YES;
				CLANG_WARN_OBJC_IMPLICIT_RETAIN_SELF = YES;
				CLANG_WARN_OBJC_LITERAL_CONVERSION = YES;
				CLANG_WARN_OBJC_ROOT_CLASS = YES_ERROR;
				CLANG_WARN_QUOTED_INCLUDE_IN_FRAMEWORK_HEADER = YES;
				CLANG_WARN_RANGE_LOOP_ANALYSIS = YES;
				CLANG_WARN_STRICT_PROTOTYPES = YES;
				CLANG_WARN_SUSPICIOUS_MOVE = YES;
				CLANG_WARN_UNGUARDED_AVAILABILITY = YES_AGGRESSIVE;
				CLANG_WARN_UNREACHABLE_CODE = YES;
				CLANG_WARN__DUPLICATE_METHOD_MATCH = YES;
				COPY_PHASE_STRIP = NO;
				DEBUG_INFORMATION_FORMAT = "dwarf-with-dsym";
				ENABLE_NS_ASSERTIONS = NO;
				ENABLE_STRICT_OBJC_MSGSEND = YES;
				GCC_C_LANGUAGE_STANDARD = gnu11;
				GCC_NO_COMMON_BLOCKS = YES;
				GCC_WARN_64_TO_32_BIT_CONVERSION = YES;
				GCC_WARN_ABOUT_RETURN_TYPE = YES_ERROR;
				GCC_WARN_UNDECLARED_SELECTOR = YES;
				GCC_WARN_UNINITIALIZED_AUTOS = YES_AGGRESSIVE;
				GCC_WARN_UNUSED_FUNCTION = YES;
				GCC_WARN_UNUSED_VARIABLE = YES;
				IPHONEOS_DEPLOYMENT_TARGET = 16.1;
				MTL_ENABLE_DEBUG_INFO = NO;
				MTL_FAST_MATH = YES;
				SDKROOT = iphoneos;
				SWIFT_COMPILATION_MODE = wholemodule;
				SWIFT_OPTIMIZATION_LEVEL = "-O";
				VALIDATE_PRODUCT = YES;
			};
			name = Release;
		};
		C52D13C328EDEC3800D44472 /* Debug */ = {
			isa = XCBuildConfiguration;
			buildSettings = {
				ASSETCATALOG_COMPILER_APPICON_NAME = AppIcon;
				ASSETCATALOG_COMPILER_GLOBAL_ACCENT_COLOR_NAME = AccentColor;
				CODE_SIGN_STYLE = Automatic;
				CURRENT_PROJECT_VERSION = 1;
				DEVELOPMENT_TEAM = 377B7BZZ6Z;
				GENERATE_INFOPLIST_FILE = YES;
				INFOPLIST_FILE = HealthChair/Info.plist;
				INFOPLIST_KEY_UIApplicationSupportsIndirectInputEvents = YES;
				INFOPLIST_KEY_UILaunchStoryboardName = LaunchScreen;
				INFOPLIST_KEY_UIMainStoryboardFile = Main;
				INFOPLIST_KEY_UISupportedInterfaceOrientations_iPad = "UIInterfaceOrientationPortrait UIInterfaceOrientationPortraitUpsideDown UIInterfaceOrientationLandscapeLeft UIInterfaceOrientationLandscapeRight";
				INFOPLIST_KEY_UISupportedInterfaceOrientations_iPhone = "UIInterfaceOrientationPortrait UIInterfaceOrientationLandscapeLeft UIInterfaceOrientationLandscapeRight";
				IPHONEOS_DEPLOYMENT_TARGET = 16.0;
				LD_RUNPATH_SEARCH_PATHS = (
					"$(inherited)",
					"@executable_path/Frameworks",
				);
				MARKETING_VERSION = 1.0;
				PRODUCT_BUNDLE_IDENTIFIER = com.igaryo.HealthChair;
				PRODUCT_NAME = "$(TARGET_NAME)";
				SWIFT_EMIT_LOC_STRINGS = YES;
				SWIFT_VERSION = 5.0;
				TARGETED_DEVICE_FAMILY = "1,2";
			};
			name = Debug;
		};
		C52D13C428EDEC3800D44472 /* Release */ = {
			isa = XCBuildConfiguration;
			buildSettings = {
				ASSETCATALOG_COMPILER_APPICON_NAME = AppIcon;
				ASSETCATALOG_COMPILER_GLOBAL_ACCENT_COLOR_NAME = AccentColor;
				CODE_SIGN_STYLE = Automatic;
				CURRENT_PROJECT_VERSION = 1;
				DEVELOPMENT_TEAM = 377B7BZZ6Z;
				GENERATE_INFOPLIST_FILE = YES;
				INFOPLIST_FILE = HealthChair/Info.plist;
				INFOPLIST_KEY_UIApplicationSupportsIndirectInputEvents = YES;
				INFOPLIST_KEY_UILaunchStoryboardName = LaunchScreen;
				INFOPLIST_KEY_UIMainStoryboardFile = Main;
				INFOPLIST_KEY_UISupportedInterfaceOrientations_iPad = "UIInterfaceOrientationPortrait UIInterfaceOrientationPortraitUpsideDown UIInterfaceOrientationLandscapeLeft UIInterfaceOrientationLandscapeRight";
				INFOPLIST_KEY_UISupportedInterfaceOrientations_iPhone = "UIInterfaceOrientationPortrait UIInterfaceOrientationLandscapeLeft UIInterfaceOrientationLandscapeRight";
				IPHONEOS_DEPLOYMENT_TARGET = 16.0;
				LD_RUNPATH_SEARCH_PATHS = (
					"$(inherited)",
					"@executable_path/Frameworks",
				);
				MARKETING_VERSION = 1.0;
				PRODUCT_BUNDLE_IDENTIFIER = com.igaryo.HealthChair;
				PRODUCT_NAME = "$(TARGET_NAME)";
				SWIFT_EMIT_LOC_STRINGS = YES;
				SWIFT_VERSION = 5.0;
				TARGETED_DEVICE_FAMILY = "1,2";
			};
			name = Release;
		};
/* End XCBuildConfiguration section */

/* Begin XCConfigurationList section */
		C52D13A928EDEC3700D44472 /* Build configuration list for PBXProject "HealthChair" */ = {
			isa = XCConfigurationList;
			buildConfigurations = (
				C52D13C028EDEC3800D44472 /* Debug */,
				C52D13C128EDEC3800D44472 /* Release */,
			);
			defaultConfigurationIsVisible = 0;
			defaultConfigurationName = Release;
		};
		C52D13C228EDEC3800D44472 /* Build configuration list for PBXNativeTarget "HealthChair" */ = {
			isa = XCConfigurationList;
			buildConfigurations = (
				C52D13C328EDEC3800D44472 /* Debug */,
				C52D13C428EDEC3800D44472 /* Release */,
			);
			defaultConfigurationIsVisible = 0;
			defaultConfigurationName = Release;
		};
/* End XCConfigurationList section */

/* Begin XCRemoteSwiftPackageReference section */
		C58B61FE28FAC1E600DFCDDB /* XCRemoteSwiftPackageReference "Charts" */ = {
			isa = XCRemoteSwiftPackageReference;
			repositoryURL = "https://github.com/danielgindi/Charts";
			requirement = {
				kind = upToNextMajorVersion;
				minimumVersion = 4.0.0;
			};
		};
/* End XCRemoteSwiftPackageReference section */

/* Begin XCSwiftPackageProductDependency section */
		C58B61FF28FAC1E600DFCDDB /* Charts */ = {
			isa = XCSwiftPackageProductDependency;
			package = C58B61FE28FAC1E600DFCDDB /* XCRemoteSwiftPackageReference "Charts" */;
			productName = Charts;
		};
/* End XCSwiftPackageProductDependency section */
	};
	rootObject = C52D13A628EDEC3700D44472 /* Project object */;
}
